
Microsoft Visual Studio Solution File, Format Version 12.00
# Visual Studio Version 17
VisualStudioVersion = 17.13.35818.85 d17.13
MinimumVisualStudioVersion = 10.0.40219.1
Project("{FAE04EC0-301F-11D3-BF4B-00C04F79EFBC}") = "AULA03", "AULA03\AULA03.csproj", "{5856381E-2050-434E-B5C8-496989206D05}"
EndProject
Global
	GlobalSection(SolutionConfigurationPlatforms) = preSolution
		Debug|Any CPU = Debug|Any CPU
		Release|Any CPU = Release|Any CPU
	EndGlobalSection
	GlobalSection(ProjectConfigurationPlatforms) = postSolution
		{5856381E-2050-434E-B5C8-496989206D05}.Debug|Any CPU.ActiveCfg = Debug|Any CPU
		{5856381E-2050-434E-B5C8-496989206D05}.Debug|Any CPU.Build.0 = Debug|Any CPU
		{5856381E-2050-434E-B5C8-496989206D05}.Release|Any CPU.ActiveCfg = Release|Any CPU
		{5856381E-2050-434E-B5C8-496989206D05}.Release|Any CPU.Build.0 = Release|Any CPU
	EndGlobalSection
	GlobalSection(SolutionProperties) = preSolution
		HideSolutionNode = FALSE
	EndGlobalSection
	GlobalSection(ExtensibilityGlobals) = postSolution
		SolutionGuid = {A469F735-3BA4-4768-BD9D-EDFCCEE6DCB6}
	EndGlobalSection
EndGlobal
